{
  "name": "restaurants",
  "version": "1.0.0",
  "lockfileVersion": 1,
  "requires": true,
  "dependencies": {
    "@turf/bbox": {
      "version": "6.0.1",
      "resolved": "https://registry.npmjs.org/@turf/bbox/-/bbox-6.0.1.tgz",
      "integrity": "sha512-EGgaRLettBG25Iyx7VyUINsPpVj1x3nFQFiGS3ER8KCI1MximzNLsam3eXRabqQDjyAKyAE1bJ4EZEpGvspQxw==",
      "requires": {
        "@turf/helpers": "6.x",
        "@turf/meta": "6.x"
      }
    },
    "@turf/boolean-contains": {
      "version": "6.0.1",
      "resolved": "https://registry.npmjs.org/@turf/boolean-contains/-/boolean-contains-6.0.1.tgz",
      "integrity": "sha512-usAexEdWu7dV43paowGSFEM0PljexnlOuj09HF/VDZwO3FKelwUovF2ymetYatuG7KcIYcexeNEkQ5qQnGExlw==",
      "requires": {
        "@turf/bbox": "6.x",
        "@turf/boolean-point-in-polygon": "6.x",
        "@turf/boolean-point-on-line": "6.x",
        "@turf/helpers": "6.x",
        "@turf/invariant": "6.x"
      }
    },
    "@turf/boolean-point-in-polygon": {
      "version": "6.0.1",
      "resolved": "https://registry.npmjs.org/@turf/boolean-point-in-polygon/-/boolean-point-in-polygon-6.0.1.tgz",
      "integrity": "sha512-FKLOZ124vkJhjzNSDcqpwp2NvfnsbYoUOt5iAE7uskt4svix5hcjIEgX9sELFTJpbLGsD1mUbKdfns8tZxcMNg==",
      "requires": {
        "@turf/helpers": "6.x",
        "@turf/invariant": "6.x"
      }
    },
    "@turf/boolean-point-on-line": {
      "version": "6.0.1",
      "resolved": "https://registry.npmjs.org/@turf/boolean-point-on-line/-/boolean-point-on-line-6.0.1.tgz",
      "integrity": "sha512-Vl724Tzh4CF/13kgblOAQnMcHagromCP1EfyJ9G/8SxpSoTYeY2G6FmmcpbW51GqKxC7xgM9+Pck50dun7oYkg==",
      "requires": {
        "@turf/helpers": "6.x",
        "@turf/invariant": "6.x"
      }
    },
    "@turf/helpers": {
      "version": "6.1.4",
      "resolved": "https://registry.npmjs.org/@turf/helpers/-/helpers-6.1.4.tgz",
      "integrity": "sha512-vJvrdOZy1ngC7r3MDA7zIGSoIgyrkWcGnNIEaqn/APmw+bVLF2gAW7HIsdTxd12s5wQMqEpqIQrmrbRRZ0xC7g=="
    },
    "@turf/invariant": {
      "version": "6.1.2",
      "resolved": "https://registry.npmjs.org/@turf/invariant/-/invariant-6.1.2.tgz",
      "integrity": "sha512-WU08Ph8j0J2jVGlQCKChXoCtI50BB3yEH21V++V0T4cR1T27HKCxkehV2sYMwTierfMBgjwSwDIsxnR4/2mWXg==",
      "requires": {
        "@turf/helpers": "6.x"
      }
    },
    "@turf/meta": {
      "version": "6.0.2",
      "resolved": "https://registry.npmjs.org/@turf/meta/-/meta-6.0.2.tgz",
      "integrity": "sha512-VA7HJkx7qF1l3+GNGkDVn2oXy4+QoLP6LktXAaZKjuT1JI0YESat7quUkbCMy4zP9lAUuvS4YMslLyTtr919FA==",
      "requires": {
        "@turf/helpers": "6.x"
      }
    }
  }
}
